// !$*UTF8*$!
{
	archiveVersion = 1;
	classes = {
	};
	objectVersion = 50;
	objects = {

/* Begin PBXBuildFile section */
		8B78E4BB2580E2A000752D0D /* AppDelegate.swift in Sources */ = {isa = PBXBuildFile; fileRef = 8B78E4BA2580E2A000752D0D /* AppDelegate.swift */; };
		8B78E4BD2580E2A000752D0D /* SceneDelegate.swift in Sources */ = {isa = PBXBuildFile; fileRef = 8B78E4BC2580E2A000752D0D /* SceneDelegate.swift */; };
		8B78E4BF2580E2A000752D0D /* ViewController.swift in Sources */ = {isa = PBXBuildFile; fileRef = 8B78E4BE2580E2A000752D0D /* ViewController.swift */; };
		8B78E4C22580E2A000752D0D /* Main.storyboard in Resources */ = {isa = PBXBuildFile; fileRef = 8B78E4C02580E2A000752D0D /* Main.storyboard */; };
		8B78E4C42580E2A100752D0D /* Assets.xcassets in Resources */ = {isa = PBXBuildFile; fileRef = 8B78E4C32580E2A100752D0D /* Assets.xcassets */; };
		8B78E4C72580E2A100752D0D /* LaunchScreen.storyboard in Resources */ = {isa = PBXBuildFile; fileRef = 8B78E4C52580E2A100752D0D /* LaunchScreen.storyboard */; };
/* End PBXBuildFile section */

/* Begin PBXFileReference section */
		8B78E4B72580E2A000752D0D /* mu origin 2 calc.app */ = {isa = PBXFileReference; explicitFileType = wrapper.application; includeInIndex = 0; path = "mu origin 2 calc.app"; sourceTree = BUILT_PRODUCTS_DIR; };
		8B78E4BA2580E2A000752D0D /* AppDelegate.swift */ = {isa = PBXFileReference; lastKnownFileType = sourcecode.swift; path = AppDelegate.swift; sourceTree = "<group>"; };
		8B78E4BC2580E2A000752D0D /* SceneDelegate.swift */ = {isa = PBXFileReference; lastKnownFileType = sourcecode.swift; path = SceneDelegate.swift; sourceTree = "<group>"; };
		8B78E4BE2580E2A000752D0D /* ViewController.swift */ = {isa = PBXFileReference; lastKnownFileType = sourcecode.swift; path = ViewController.swift; sourceTree = "<group>"; };
		8B78E4C12580E2A000752D0D /* Base */ = {isa = PBXFileReference; lastKnownFileType = file.storyboard; name = Base; path = Base.lproj/Main.storyboard; sourceTree = "<group>"; };
		8B78E4C32580E2A100752D0D /* Assets.xcassets */ = {isa = PBXFileReference; lastKnownFileType = folder.assetcatalog; path = Assets.xcassets; sourceTree = "<group>"; };
		8B78E4C62580E2A100752D0D /* Base */ = {isa = PBXFileReference; lastKnownFileType = file.storyboard; name = Base; path = Base.lproj/LaunchScreen.storyboard; sourceTree = "<group>"; };
		8B78E4C82580E2A100752D0D /* Info.plist */ = {isa = PBXFileReference; lastKnownFileType = text.plist.xml; path = Info.plist; sourceTree = "<group>"; };
/* End PBXFileReference section */

/* Begin PBXFrameworksBuildPhase section */
		8B78E4B42580E2A000752D0D /* Frameworks */ = {
			isa = PBXFrameworksBuildPhase;
			buildActionMask = 2147483647;
			files = (
			);
			runOnlyForDeploymentPostprocessing = 0;
		};
/* End PBXFrameworksBuildPhase section */

/* Begin PBXGroup section */
		8B78E4AE2580E2A000752D0D = {
			isa = PBXGroup;
			children = (
				8B78E4B92580E2A000752D0D /* mu origin 2 calc */,
				8B78E4B82580E2A000752D0D /* Products */,
			);
			sourceTree = "<group>";
		};
		8B78E4B82580E2A000752D0D /* Products */ = {
			isa = PBXGroup;
			children = (
				8B78E4B72580E2A000752D0D /* mu origin 2 calc.app */,
			);
			name = Products;
			sourceTree = "<group>";
		};
		8B78E4B92580E2A000752D0D /* mu origin 2 calc */ = {
			isa = PBXGroup;
			children = (
				8B78E4BA2580E2A000752D0D /* AppDelegate.swift */,
				8B78E4BC2580E2A000752D0D /* SceneDelegate.swift */,
				8B78E4BE2580E2A000752D0D /* ViewController.swift */,
				8B78E4C02580E2A000752D0D /* Main.storyboard */,
				8B78E4C32580E2A100752D0D /* Assets.xcassets */,
				8B78E4C52580E2A100752D0D /* LaunchScreen.storyboard */,
				8B78E4C82580E2A100752D0D /* Info.plist */,
			);
			path = "mu origin 2 calc";
			sourceTree = "<group>";
		};
/* End PBXGroup section */

/* Begin PBXNativeTarget section */
		8B78E4B62580E2A000752D0D /* mu origin 2 calc */ = {
			isa = PBXNativeTarget;
			buildConfigurationList = 8B78E4CB2580E2A100752D0D /* Build configuration list for PBXNativeTarget "mu origin 2 calc" */;
			buildPhases = (
				8B78E4B32580E2A000752D0D /* Sources */,
				8B78E4B42580E2A000752D0D /* Frameworks */,
				8B78E4B52580E2A000752D0D /* Resources */,
			);
			buildRules = (
			);
			dependencies = (
			);
			name = "mu origin 2 calc";
			productName = "mu origin 2 calc";
			productReference = 8B78E4B72580E2A000752D0D /* mu origin 2 calc.app */;
			productType = "com.apple.product-type.application";
		};
/* End PBXNativeTarget section */

/* Begin PBXProject section */
		8B78E4AF2580E2A000752D0D /* Project object */ = {
			isa = PBXProject;
			attributes = {
				LastSwiftUpdateCheck = 1210;
				LastUpgradeCheck = 1210;
				TargetAttributes = {
					8B78E4B62580E2A000752D0D = {
						CreatedOnToolsVersion = 12.1;
					};
				};
			};
			buildConfigurationList = 8B78E4B22580E2A000752D0D /* Build configuration list for PBXProject "mu origin 2 calc" */;
			compatibilityVersion = "Xcode 9.3";
			developmentRegion = en;
			hasScannedForEncodings = 0;
			knownRegions = (
				en,
				Base,
			);
			mainGroup = 8B78E4AE2580E2A000752D0D;
			productRefGroup = 8B78E4B82580E2A000752D0D /* Products */;
			projectDirPath = "";
			projectRoot = "";
			targets = (
				8B78E4B62580E2A000752D0D /* mu origin 2 calc */,
			);
		};
/* End PBXProject section */

/* Begin PBXResourcesBuildPhase section */
		8B78E4B52580E2A000752D0D /* Resources */ = {
			isa = PBXResourcesBuildPhase;
			buildActionMask = 2147483647;
			files = (
				8B78E4C72580E2A100752D0D /* LaunchScreen.storyboard in Resources */,
				8B78E4C42580E2A100752D0D /* Assets.xcassets in Resources */,
				8B78E4C22580E2A000752D0D /* Main.storyboard in Resources */,
			);
			runOnlyForDeploymentPostprocessing = 0;
		};
/* End PBXResourcesBuildPhase section */

/* Begin PBXSourcesBuildPhase section */
		8B78E4B32580E2A000752D0D /* Sources */ = {
			isa = PBXSourcesBuildPhase;
			buildActionMask = 2147483647;
			files = (
				8B78E4BF2580E2A000752D0D /* ViewController.swift in Sources */,
				8B78E4BB2580E2A000752D0D /* AppDelegate.swift in Sources */,
				8B78E4BD2580E2A000752D0D /* SceneDelegate.swift in Sources */,
			);
			runOnlyForDeploymentPostprocessing = 0;
		};
/* End PBXSourcesBuildPhase section */

/* Begin PBXVariantGroup section */
		8B78E4C02580E2A000752D0D /* Main.storyboard */ = {
			isa = PBXVariantGroup;
			children = (
				8B78E4C12580E2A000752D0D /* Base */,
			);
			name = Main.storyboard;
			sourceTree = "<group>";
		};
		8B78E4C52580E2A100752D0D /* LaunchScreen.storyboard */ = {
			isa = PBXVariantGroup;
			children = (
				8B78E4C62580E2A100752D0D /* Base */,
			);
			name = LaunchScreen.storyboard;
			sourceTree = "<group>";
		};
/* End PBXVariantGroup section */

/* Begin XCBuildConfiguration section */
		8B78E4C92580E2A100752D0D /* Debug */ = {
			isa = XCBuildConfiguration;
			buildSettings = {
				ALWAYS_SEARCH_USER_PATHS = NO;
				CLANG_ANALYZER_NONNULL = YES;
				CLANG_ANALYZER_NUMBER_OBJECT_CONVERSION = YES_AGGRESSIVE;
				CLANG_CXX_LANGUAGE_STANDARD = "gnu++14";
				CLANG_CXX_LIBRARY = "libc++";
				CLANG_ENABLE_MODULES = YES;
				CLANG_ENABLE_OBJC_ARC = YES;
				CLANG_ENABLE_OBJC_WEAK = YES;
				CLANG_WARN_BLOCK_CAPTURE_AUTORELEASING = YES;
				CLANG_WARN_BOOL_CONVERSION = YES;
				CLANG_WARN_COMMA = YES;
				CLANG_WARN_CONSTANT_CONVERSION = YES;
				CLANG_WARN_DEPRECATED_OBJC_IMPLEMENTATIONS = YES;
				CLANG_WARN_DIRECT_OBJC_ISA_USAGE = YES_ERROR;
				CLANG_WARN_DOCUMENTATION_COMMENTS = YES;
				CLANG_WARN_EMPTY_BODY = YES;
				CLANG_WARN_ENUM_CONVERSION = YES;
				CLANG_WARN_INFINITE_RECURSION = YES;
				CLANG_WARN_INT_CONVERSION = YES;
				CLANG_WARN_NON_LITERAL_NULL_CONVERSION = YES;
				CLANG_WARN_OBJC_IMPLICIT_RETAIN_SELF = YES;
				CLANG_WARN_OBJC_LITERAL_CONVERSION = YES;
				CLANG_WARN_OBJC_ROOT_CLASS = YES_ERROR;
				CLANG_WARN_QUOTED_INCLUDE_IN_FRAMEWORK_HEADER = YES;
				CLANG_WARN_RANGE_LOOP_ANALYSIS = YES;
				CLANG_WARN_STRICT_PROTOTYPES = YES;
				CLANG_WARN_SUSPICIOUS_MOVE = YES;
				CLANG_WARN_UNGUARDED_AVAILABILITY = YES_AGGRESSIVE;
				CLANG_WARN_UNREACHABLE_CODE = YES;
				CLANG_WARN__DUPLICATE_METHOD_MATCH = YES;
				COPY_PHASE_STRIP = NO;
				DEBUG_INFORMATION_FORMAT = dwarf;
				ENABLE_STRICT_OBJC_MSGSEND = YES;
				ENABLE_TESTABILITY = YES;
				GCC_C_LANGUAGE_STANDARD = gnu11;
				GCC_DYNAMIC_NO_PIC = NO;
				GCC_NO_COMMON_BLOCKS = YES;
				GCC_OPTIMIZATION_LEVEL = 0;
				GCC_PREPROCESSOR_DEFINITIONS = (
					"DEBUG=1",
					"$(inherited)",
				);
				GCC_WARN_64_TO_32_BIT_CONVERSION = YES;
				GCC_WARN_ABOUT_RETURN_TYPE = YES_ERROR;
				GCC_WARN_UNDECLARED_SELECTOR = YES;
				GCC_WARN_UNINITIALIZED_AUTOS = YES_AGGRESSIVE;
				GCC_WARN_UNUSED_FUNCTION = YES;
				GCC_WARN_UNUSED_VARIABLE = YES;
				IPHONEOS_DEPLOYMENT_TARGET = 14.1;
				MTL_ENABLE_DEBUG_INFO = INCLUDE_SOURCE;
				MTL_FAST_MATH = YES;
				ONLY_ACTIVE_ARCH = YES;
				SDKROOT = iphoneos;
				SWIFT_ACTIVE_COMPILATION_CONDITIONS = DEBUG;
				SWIFT_OPTIMIZATION_LEVEL = "-Onone";
			};
			name = Debug;
		};
		8B78E4CA2580E2A100752D0D /* Release */ = {
			isa = XCBuildConfiguration;
			buildSettings = {
				ALWAYS_SEARCH_USER_PATHS = NO;
				CLANG_ANALYZER_NONNULL = YES;
				CLANG_ANALYZER_NUMBER_OBJECT_CONVERSION = YES_AGGRESSIVE;
				CLANG_CXX_LANGUAGE_STANDARD = "gnu++14";
				CLANG_CXX_LIBRARY = "libc++";
				CLANG_ENABLE_MODULES = YES;
				CLANG_ENABLE_OBJC_ARC = YES;
				CLANG_ENABLE_OBJC_WEAK = YES;
				CLANG_WARN_BLOCK_CAPTURE_AUTORELEASING = YES;
				CLANG_WARN_BOOL_CONVERSION = YES;
				CLANG_WARN_COMMA = YES;
				CLANG_WARN_CONSTANT_CONVERSION = YES;
				CLANG_WARN_DEPRECATED_OBJC_IMPLEMENTATIONS = YES;
				CLANG_WARN_DIRECT_OBJC_ISA_USAGE = YES_ERROR;
				CLANG_WARN_DOCUMENTATION_COMMENTS = YES;
				CLANG_WARN_EMPTY_BODY = YES;
				CLANG_WARN_ENUM_CONVERSION = YES;
				CLANG_WARN_INFINITE_RECURSION = YES;
				CLANG_WARN_INT_CONVERSION = YES;
				CLANG_WARN_NON_LITERAL_NULL_CONVERSION = YES;
				CLANG_WARN_OBJC_IMPLICIT_RETAIN_SELF = YES;
				CLANG_WARN_OBJC_LITERAL_CONVERSION = YES;
				CLANG_WARN_OBJC_ROOT_CLASS = YES_ERROR;
				CLANG_WARN_QUOTED_INCLUDE_IN_FRAMEWORK_HEADER = YES;
				CLANG_WARN_RANGE_LOOP_ANALYSIS = YES;
				CLANG_WARN_STRICT_PROTOTYPES = YES;
				CLANG_WARN_SUSPICIOUS_MOVE = YES;
				CLANG_WARN_UNGUARDED_AVAILABILITY = YES_AGGRESSIVE;
				CLANG_WARN_UNREACHABLE_CODE = YES;
				CLANG_WARN__DUPLICATE_METHOD_MATCH = YES;
				COPY_PHASE_STRIP = NO;
				DEBUG_INFORMATION_FORMAT = "dwarf-with-dsym";
				ENABLE_NS_ASSERTIONS = NO;
				ENABLE_STRICT_OBJC_MSGSEND = YES;
				GCC_C_LANGUAGE_STANDARD = gnu11;
				GCC_NO_COMMON_BLOCKS = YES;
				GCC_WARN_64_TO_32_BIT_CONVERSION = YES;
				GCC_WARN_ABOUT_RETURN_TYPE = YES_ERROR;
				GCC_WARN_UNDECLARED_SELECTOR = YES;
				GCC_WARN_UNINITIALIZED_AUTOS = YES_AGGRESSIVE;
				GCC_WARN_UNUSED_FUNCTION = YES;
				GCC_WARN_UNUSED_VARIABLE = YES;
				IPHONEOS_DEPLOYMENT_TARGET = 14.1;
				MTL_ENABLE_DEBUG_INFO = NO;
				MTL_FAST_MATH = YES;
				SDKROOT = iphoneos;
				SWIFT_COMPILATION_MODE = wholemodule;
				SWIFT_OPTIMIZATION_LEVEL = "-O";
				VALIDATE_PRODUCT = YES;
			};
			name = Release;
		};
		8B78E4CC2580E2A100752D0D /* Debug */ = {
			isa = XCBuildConfiguration;
			buildSettings = {
				ASSETCATALOG_COMPILER_APPICON_NAME = AppIcon;
				ASSETCATALOG_COMPILER_GLOBAL_ACCENT_COLOR_NAME = AccentColor;
				CODE_SIGN_STYLE = Automatic;
				DEVELOPMENT_TEAM = RZ4YVSM7SC;
				INFOPLIST_FILE = "mu origin 2 calc/Info.plist";
				LD_RUNPATH_SEARCH_PATHS = (
					"$(inherited)",
					"@executable_path/Frameworks",
				);
				PRODUCT_BUNDLE_IDENTIFIER = "com.ak.sfod.mu-origin-2-calc";
				PRODUCT_NAME = "$(TARGET_NAME)";
				SWIFT_VERSION = 5.0;
				TARGETED_DEVICE_FAMILY = "1,2";
			};
			name = Debug;
		};
		8B78E4CD2580E2A100752D0D /* Release */ = {
			isa = XCBuildConfiguration;
			buildSettings = {
				ASSETCATALOG_COMPILER_APPICON_NAME = AppIcon;
				ASSETCATALOG_COMPILER_GLOBAL_ACCENT_COLOR_NAME = AccentColor;
				CODE_SIGN_STYLE = Automatic;
				DEVELOPMENT_TEAM = RZ4YVSM7SC;
				INFOPLIST_FILE = "mu origin 2 calc/Info.plist";
				LD_RUNPATH_SEARCH_PATHS = (
					"$(inherited)",
					"@executable_path/Frameworks",
				);
				PRODUCT_BUNDLE_IDENTIFIER = "com.ak.sfod.mu-origin-2-calc";
				PRODUCT_NAME = "$(TARGET_NAME)";
				SWIFT_VERSION = 5.0;
				TARGETED_DEVICE_FAMILY = "1,2";
			};
			name = Release;
		};
/* End XCBuildConfiguration section */

/* Begin XCConfigurationList section */
		8B78E4B22580E2A000752D0D /* Build configuration list for PBXProject "mu origin 2 calc" */ = {
			isa = XCConfigurationList;
			buildConfigurations = (
				8B78E4C92580E2A100752D0D /* Debug */,
				8B78E4CA2580E2A100752D0D /* Release */,
			);
			defaultConfigurationIsVisible = 0;
			defaultConfigurationName = Release;
		};
		8B78E4CB2580E2A100752D0D /* Build configuration list for PBXNativeTarget "mu origin 2 calc" */ = {
			isa = XCConfigurationList;
			buildConfigurations = (
				8B78E4CC2580E2A100752D0D /* Debug */,
				8B78E4CD2580E2A100752D0D /* Release */,
			);
			defaultConfigurationIsVisible = 0;
			defaultConfigurationName = Release;
		};
/* End XCConfigurationList section */
	};
	rootObject = 8B78E4AF2580E2A000752D0D /* Project object */;
}
